
Microsoft Visual Studio Solution File, Format Version 12.00
# Visual Studio Version 17
VisualStudioVersion = 17.6.33815.320
MinimumVisualStudioVersion = 10.0.40219.1
Project("{9A19103F-16F7-4668-BE54-9A1E7A4F7556}") = "TLS", "TLS\TLS.csproj", "{4B0C5E37-6015-4576-9A24-19D9597FE40D}"
EndProject
Project("{9A19103F-16F7-4668-BE54-9A1E7A4F7556}") = "OOP", "OOP\OOP.csproj", "{BDB5E795-956B-4353-A75D-5562CDC9681D}"
EndProject
Project("{FAE04EC0-301F-11D3-BF4B-00C04F79EFBC}") = "WinForms", "WinForms\WinForms.csproj", "{08683EBD-16C6-47C9-965B-D4087C4F891F}"
EndProject
Global
	GlobalSection(SolutionConfigurationPlatforms) = preSolution
		Debug|Any CPU = Debug|Any CPU
		Release|Any CPU = Release|Any CPU
	EndGlobalSection
	GlobalSection(ProjectConfigurationPlatforms) = postSolution
		{4B0C5E37-6015-4576-9A24-19D9597FE40D}.Debug|Any CPU.ActiveCfg = Debug|Any CPU
		{4B0C5E37-6015-4576-9A24-19D9597FE40D}.Debug|Any CPU.Build.0 = Debug|Any CPU
		{4B0C5E37-6015-4576-9A24-19D9597FE40D}.Release|Any CPU.ActiveCfg = Release|Any CPU
		{4B0C5E37-6015-4576-9A24-19D9597FE40D}.Release|Any CPU.Build.0 = Release|Any CPU
		{BDB5E795-956B-4353-A75D-5562CDC9681D}.Debug|Any CPU.ActiveCfg = Debug|Any CPU
		{BDB5E795-956B-4353-A75D-5562CDC9681D}.Debug|Any CPU.Build.0 = Debug|Any CPU
		{BDB5E795-956B-4353-A75D-5562CDC9681D}.Release|Any CPU.ActiveCfg = Release|Any CPU
		{BDB5E795-956B-4353-A75D-5562CDC9681D}.Release|Any CPU.Build.0 = Release|Any CPU
		{08683EBD-16C6-47C9-965B-D4087C4F891F}.Debug|Any CPU.ActiveCfg = Debug|Any CPU
		{08683EBD-16C6-47C9-965B-D4087C4F891F}.Debug|Any CPU.Build.0 = Debug|Any CPU
		{08683EBD-16C6-47C9-965B-D4087C4F891F}.Release|Any CPU.ActiveCfg = Release|Any CPU
		{08683EBD-16C6-47C9-965B-D4087C4F891F}.Release|Any CPU.Build.0 = Release|Any CPU
	EndGlobalSection
	GlobalSection(SolutionProperties) = preSolution
		HideSolutionNode = FALSE
	EndGlobalSection
	GlobalSection(ExtensibilityGlobals) = postSolution
		SolutionGuid = {047008DA-D93C-4DDB-906E-C468FAED1ABE}
	EndGlobalSection
EndGlobal
