
Microsoft Visual Studio Solution File, Format Version 12.00
# Visual Studio Version 17
VisualStudioVersion = 17.6.33815.320
MinimumVisualStudioVersion = 10.0.40219.1
Project("{9A19103F-16F7-4668-BE54-9A1E7A4F7556}") = "TLS", "TLS\TLS.csproj", "{5F735985-53CE-41F4-B84F-842EF42408DE}"
EndProject
Project("{9A19103F-16F7-4668-BE54-9A1E7A4F7556}") = "OOP", "OOP\OOP.csproj", "{3088F11B-8455-4585-ACDA-95141A203490}"
EndProject
Project("{FAE04EC0-301F-11D3-BF4B-00C04F79EFBC}") = "WinForms", "WinForms\WinForms.csproj", "{C0838E9A-690B-48EF-BABA-E87EB2F035D3}"
EndProject
Global
	GlobalSection(SolutionConfigurationPlatforms) = preSolution
		Debug|Any CPU = Debug|Any CPU
		Release|Any CPU = Release|Any CPU
	EndGlobalSection
	GlobalSection(ProjectConfigurationPlatforms) = postSolution
		{5F735985-53CE-41F4-B84F-842EF42408DE}.Debug|Any CPU.ActiveCfg = Debug|Any CPU
		{5F735985-53CE-41F4-B84F-842EF42408DE}.Debug|Any CPU.Build.0 = Debug|Any CPU
		{5F735985-53CE-41F4-B84F-842EF42408DE}.Release|Any CPU.ActiveCfg = Release|Any CPU
		{5F735985-53CE-41F4-B84F-842EF42408DE}.Release|Any CPU.Build.0 = Release|Any CPU
		{3088F11B-8455-4585-ACDA-95141A203490}.Debug|Any CPU.ActiveCfg = Debug|Any CPU
		{3088F11B-8455-4585-ACDA-95141A203490}.Debug|Any CPU.Build.0 = Debug|Any CPU
		{3088F11B-8455-4585-ACDA-95141A203490}.Release|Any CPU.ActiveCfg = Release|Any CPU
		{3088F11B-8455-4585-ACDA-95141A203490}.Release|Any CPU.Build.0 = Release|Any CPU
		{C0838E9A-690B-48EF-BABA-E87EB2F035D3}.Debug|Any CPU.ActiveCfg = Debug|Any CPU
		{C0838E9A-690B-48EF-BABA-E87EB2F035D3}.Debug|Any CPU.Build.0 = Debug|Any CPU
		{C0838E9A-690B-48EF-BABA-E87EB2F035D3}.Release|Any CPU.ActiveCfg = Release|Any CPU
		{C0838E9A-690B-48EF-BABA-E87EB2F035D3}.Release|Any CPU.Build.0 = Release|Any CPU
	EndGlobalSection
	GlobalSection(SolutionProperties) = preSolution
		HideSolutionNode = FALSE
	EndGlobalSection
	GlobalSection(ExtensibilityGlobals) = postSolution
		SolutionGuid = {EE93DDEC-1FAE-48F0-83C1-7A2B6196111C}
	EndGlobalSection
EndGlobal
