
Microsoft Visual Studio Solution File, Format Version 12.00
# Visual Studio Version 17
VisualStudioVersion = 17.6.33815.320
MinimumVisualStudioVersion = 10.0.40219.1
Project("{9A19103F-16F7-4668-BE54-9A1E7A4F7556}") = "TLS", "TLS\TLS.csproj", "{198B4F42-21C6-4616-9C72-89039898215B}"
EndProject
Project("{9A19103F-16F7-4668-BE54-9A1E7A4F7556}") = "OOP", "OOP\OOP.csproj", "{FA1B9819-BAB2-4CD3-B3C7-08CD432294C9}"
EndProject
Project("{FAE04EC0-301F-11D3-BF4B-00C04F79EFBC}") = "WinForms", "WinForms\WinForms.csproj", "{C2F314F0-72E4-4F62-83F6-35729BE372CE}"
EndProject
Global
	GlobalSection(SolutionConfigurationPlatforms) = preSolution
		Debug|Any CPU = Debug|Any CPU
		Release|Any CPU = Release|Any CPU
	EndGlobalSection
	GlobalSection(ProjectConfigurationPlatforms) = postSolution
		{198B4F42-21C6-4616-9C72-89039898215B}.Debug|Any CPU.ActiveCfg = Debug|Any CPU
		{198B4F42-21C6-4616-9C72-89039898215B}.Debug|Any CPU.Build.0 = Debug|Any CPU
		{198B4F42-21C6-4616-9C72-89039898215B}.Release|Any CPU.ActiveCfg = Release|Any CPU
		{198B4F42-21C6-4616-9C72-89039898215B}.Release|Any CPU.Build.0 = Release|Any CPU
		{FA1B9819-BAB2-4CD3-B3C7-08CD432294C9}.Debug|Any CPU.ActiveCfg = Debug|Any CPU
		{FA1B9819-BAB2-4CD3-B3C7-08CD432294C9}.Debug|Any CPU.Build.0 = Debug|Any CPU
		{FA1B9819-BAB2-4CD3-B3C7-08CD432294C9}.Release|Any CPU.ActiveCfg = Release|Any CPU
		{FA1B9819-BAB2-4CD3-B3C7-08CD432294C9}.Release|Any CPU.Build.0 = Release|Any CPU
		{C2F314F0-72E4-4F62-83F6-35729BE372CE}.Debug|Any CPU.ActiveCfg = Debug|Any CPU
		{C2F314F0-72E4-4F62-83F6-35729BE372CE}.Debug|Any CPU.Build.0 = Debug|Any CPU
		{C2F314F0-72E4-4F62-83F6-35729BE372CE}.Release|Any CPU.ActiveCfg = Release|Any CPU
		{C2F314F0-72E4-4F62-83F6-35729BE372CE}.Release|Any CPU.Build.0 = Release|Any CPU
	EndGlobalSection
	GlobalSection(SolutionProperties) = preSolution
		HideSolutionNode = FALSE
	EndGlobalSection
	GlobalSection(ExtensibilityGlobals) = postSolution
		SolutionGuid = {34B7F662-9BFF-4EFE-8EFC-A1CC55688CB7}
	EndGlobalSection
EndGlobal
