
Microsoft Visual Studio Solution File, Format Version 12.00
# Visual Studio Version 17
VisualStudioVersion = 17.6.33815.320
MinimumVisualStudioVersion = 10.0.40219.1
Project("{9A19103F-16F7-4668-BE54-9A1E7A4F7556}") = "TLS", "TLS\TLS.csproj", "{C867BF50-4E2F-44D5-9538-E5BFA44C7AA4}"
EndProject
Project("{9A19103F-16F7-4668-BE54-9A1E7A4F7556}") = "OOP", "OOP\OOP.csproj", "{8218E006-661C-46AD-ADB0-33B4B17CADDC}"
EndProject
Project("{FAE04EC0-301F-11D3-BF4B-00C04F79EFBC}") = "WinForms", "WinForms\WinForms.csproj", "{EE9C57A6-EA28-42C6-AE69-6D49F592445C}"
EndProject
Global
	GlobalSection(SolutionConfigurationPlatforms) = preSolution
		Debug|Any CPU = Debug|Any CPU
		Release|Any CPU = Release|Any CPU
	EndGlobalSection
	GlobalSection(ProjectConfigurationPlatforms) = postSolution
		{C867BF50-4E2F-44D5-9538-E5BFA44C7AA4}.Debug|Any CPU.ActiveCfg = Debug|Any CPU
		{C867BF50-4E2F-44D5-9538-E5BFA44C7AA4}.Debug|Any CPU.Build.0 = Debug|Any CPU
		{C867BF50-4E2F-44D5-9538-E5BFA44C7AA4}.Release|Any CPU.ActiveCfg = Release|Any CPU
		{C867BF50-4E2F-44D5-9538-E5BFA44C7AA4}.Release|Any CPU.Build.0 = Release|Any CPU
		{8218E006-661C-46AD-ADB0-33B4B17CADDC}.Debug|Any CPU.ActiveCfg = Debug|Any CPU
		{8218E006-661C-46AD-ADB0-33B4B17CADDC}.Debug|Any CPU.Build.0 = Debug|Any CPU
		{8218E006-661C-46AD-ADB0-33B4B17CADDC}.Release|Any CPU.ActiveCfg = Release|Any CPU
		{8218E006-661C-46AD-ADB0-33B4B17CADDC}.Release|Any CPU.Build.0 = Release|Any CPU
		{EE9C57A6-EA28-42C6-AE69-6D49F592445C}.Debug|Any CPU.ActiveCfg = Debug|Any CPU
		{EE9C57A6-EA28-42C6-AE69-6D49F592445C}.Debug|Any CPU.Build.0 = Debug|Any CPU
		{EE9C57A6-EA28-42C6-AE69-6D49F592445C}.Release|Any CPU.ActiveCfg = Release|Any CPU
		{EE9C57A6-EA28-42C6-AE69-6D49F592445C}.Release|Any CPU.Build.0 = Release|Any CPU
	EndGlobalSection
	GlobalSection(SolutionProperties) = preSolution
		HideSolutionNode = FALSE
	EndGlobalSection
	GlobalSection(ExtensibilityGlobals) = postSolution
		SolutionGuid = {8A9F041E-82E8-4A4D-859A-4CFF9CD4729C}
	EndGlobalSection
EndGlobal
