
Microsoft Visual Studio Solution File, Format Version 12.00
# Visual Studio Version 17
VisualStudioVersion = 17.6.33815.320
MinimumVisualStudioVersion = 10.0.40219.1
Project("{9A19103F-16F7-4668-BE54-9A1E7A4F7556}") = "TLS", "TLS\TLS.csproj", "{F1E1A256-F0C7-4955-ACC5-6A1081BC6BBA}"
EndProject
Project("{9A19103F-16F7-4668-BE54-9A1E7A4F7556}") = "OOP", "OOP\OOP.csproj", "{F3950161-46A0-4382-A921-D134DA62CC2F}"
EndProject
Project("{FAE04EC0-301F-11D3-BF4B-00C04F79EFBC}") = "WinForms", "WinForms\WinForms.csproj", "{15703DF6-52B7-492A-8C4D-FC1B838CF79E}"
EndProject
Global
	GlobalSection(SolutionConfigurationPlatforms) = preSolution
		Debug|Any CPU = Debug|Any CPU
		Release|Any CPU = Release|Any CPU
	EndGlobalSection
	GlobalSection(ProjectConfigurationPlatforms) = postSolution
		{F1E1A256-F0C7-4955-ACC5-6A1081BC6BBA}.Debug|Any CPU.ActiveCfg = Debug|Any CPU
		{F1E1A256-F0C7-4955-ACC5-6A1081BC6BBA}.Debug|Any CPU.Build.0 = Debug|Any CPU
		{F1E1A256-F0C7-4955-ACC5-6A1081BC6BBA}.Release|Any CPU.ActiveCfg = Release|Any CPU
		{F1E1A256-F0C7-4955-ACC5-6A1081BC6BBA}.Release|Any CPU.Build.0 = Release|Any CPU
		{F3950161-46A0-4382-A921-D134DA62CC2F}.Debug|Any CPU.ActiveCfg = Debug|Any CPU
		{F3950161-46A0-4382-A921-D134DA62CC2F}.Debug|Any CPU.Build.0 = Debug|Any CPU
		{F3950161-46A0-4382-A921-D134DA62CC2F}.Release|Any CPU.ActiveCfg = Release|Any CPU
		{F3950161-46A0-4382-A921-D134DA62CC2F}.Release|Any CPU.Build.0 = Release|Any CPU
		{15703DF6-52B7-492A-8C4D-FC1B838CF79E}.Debug|Any CPU.ActiveCfg = Debug|Any CPU
		{15703DF6-52B7-492A-8C4D-FC1B838CF79E}.Debug|Any CPU.Build.0 = Debug|Any CPU
		{15703DF6-52B7-492A-8C4D-FC1B838CF79E}.Release|Any CPU.ActiveCfg = Release|Any CPU
		{15703DF6-52B7-492A-8C4D-FC1B838CF79E}.Release|Any CPU.Build.0 = Release|Any CPU
	EndGlobalSection
	GlobalSection(SolutionProperties) = preSolution
		HideSolutionNode = FALSE
	EndGlobalSection
	GlobalSection(ExtensibilityGlobals) = postSolution
		SolutionGuid = {F60BE871-9E65-4303-AEDF-85606E0EE49E}
	EndGlobalSection
EndGlobal
